{
  "name": "@liyuera/dsh-dev-dock",
  "version": "1.0.3",
  "lockfileVersion": 3,
  "requires": true,
  "packages": {
    "": {
      "name": "@liyuera/dsh-dev-dock",
      "version": "1.0.3",
      "license": "MIT",
      "dependencies": {
        "clsx": "^2.0.0"
      },
      "devDependencies": {
        "@deepseek-ai/cordis": "^4.0.2",
        "@deepseek-ai/dsh-client-locale": "^0.1.2-alpha.4",
        "@deepseek-ai/dsh-client-store": "^0.1.2-alpha.4",
        "@deepseek-ai/dsh-client-ui-conversation": "^0.1.2-alpha.4",
        "@deepseek-ai/dsh-client-ui-layout": "^0.1.2-alpha.4",
        "@deepseek-ai/dsh-client-ui-primitives": "0.2.0-rc.2",
        "@deepseek-ai/dsh-client-ui-renderer": "^0.1.2-alpha.4",
        "@deepseek-ai/dsh-client-ui-settings": "^0.1.2-alpha.4",
        "@deepseek-ai/dsh-client-ui-sidebar": "^0.1.2-alpha.4",
        "@deepseek-ai/dsh-client-ui-slots": "^0.1.2-alpha.4",
        "@deepseek-ai/dsh-invariants": "^0.1.2-alpha.4",
        "@deepseek-ai/dsh-native-command": "^0.1.2-alpha.4",
        "@deepseek-ai/dsh-session": "^0.1.2-alpha.4",
        "@deepseek-ai/dsh-settings": "^0.1.2-alpha.4",
        "@deepseek-ai/schemastery": "^3.18.2",
        "@testing-library/react": "^16.3.2",
        "@types/react": "~18.3.1",
        "@types/react-dom": "~18.3.1",
        "react": "^18.2.0",
        "react-dom": "^18.3.1"
      },
      "peerDependencies": {
        "@deepseek-ai/cordis": "^4.0.2"
      }
    },
    "node_modules/@babel/code-frame": {
      "version": "7.29.7",
      "resolved": "https://registry.npmmirror.com/@babel/code-frame/-/code-frame-7.29.7.tgz",
      "integrity": "sha512-Aup7aUOfpbAUg2ROOJN6Iw5f9DMBlzu0mIkm/malLQFN/YQgO48wCj0Kxa3sEHJvPVFg7siR+qRInwXd2qhQKw==",
      "dev": true,
      "license": "MIT",
      "peer": true,
      "dependencies": {
        "@babel/helper-validator-identifier": "^7.29.7",
        "js-tokens": "^4.0.0",
        "picocolors": "^1.1.1"
      },
      "engines": {
        "node": ">=6.9.0"
      }
    },
    "node_modules/@babel/helper-validator-identifier": {
      "version": "7.29.7",
      "resolved": "https://registry.npmmirror.com/@babel/helper-validator-identifier/-/helper-validator-identifier-7.29.7.tgz",
      "integrity": "sha512-qehxGkRj55h/ff8EMaJ+cYhyaKlHIxqYDn682wQD7RNp9UujOQsHog2uS0r2vzr4pW+sXf90NeeayjcNaX3fFg==",
      "dev": true,
      "license": "MIT",
      "peer": true,
      "engines": {
        "node": ">=6.9.0"
      }
    },
    "node_modules/@babel/runtime": {
      "version": "7.29.7",
      "resolved": "https://registry.npmmirror.com/@babel/runtime/-/runtime-7.29.7.tgz",
      "integrity": "sha512-Nq8OhGWiZIZGV6hLHoyAKLLcJihP/xFeBMGJoUrxTX2psI8dCifzLhZISFb+VWS3wFMRDmCGw5R+dOySCqPLhw==",
      "dev": true,
      "license": "MIT",
      "engines": {
        "node": ">=6.9.0"
      }
    },
    "node_modules/@deepseek-ai/cordis": {
      "version": "4.0.4",
      "resolved": "https://registry.npmmirror.com/@deepseek-ai/cordis/-/cordis-4.0.4.tgz",
      "integrity": "sha512-obgyxqWAmFn3Re8kvsuUnyW+ihrz6eJCnJO4fh1cQzDtmPYz/zzVeUkH9R94I0OwSVOocK67Kgakm04j/oQXzg==",
      "dev": true,
      "license": "MIT",
      "dependencies": {
        "@deepseek-ai/cosmokit": "~1.8.5",
        "@standard-schema/spec": "^1.1.0"
      },
      "bin": {
        "cordis": "bin.js"
      },
      "peerDependencies": {
        "@deepseek-ai/cordis-plugin-include": "~1.0.9",
        "@deepseek-ai/cordis-plugin-loader": "~1.0.5"
      },
      "peerDependenciesMeta": {
        "@deepseek-ai/cordis-plugin-include": {
          "optional": true
        },
        "@deepseek-ai/cordis-plugin-loader": {
          "optional": true
        }
      }
    },
    "node_modules/@deepseek-ai/cosmokit": {
      "version": "1.8.5",
      "resolved": "https://registry.npmmirror.com/@deepseek-ai/cosmokit/-/cosmokit-1.8.5.tgz",
      "integrity": "sha512-LXsrlem9z8dq4sLflj2yuCuYX7KqhdzF5hZly3eZyuTo8d6oDSOXuEgC5DbQWKW+lksm6zmOutQLsP/ma6wR6A==",
      "dev": true,
      "license": "MIT"
    },
    "node_modules/@deepseek-ai/dsh-brand": {
      "version": "0.1.2-rc.1",
      "resolved": "https://registry.npmmirror.com/@deepseek-ai/dsh-brand/-/dsh-brand-0.1.2-rc.1.tgz",
      "integrity": "sha512-y2RHIag3kzLdY8kTBuSUSTsKzWPscJrysNObXTiNM7stXLpa3jXpshsB1caqGzNx50vYcmHeN1gFVECgx3NZHg==",
      "dev": true,
      "license": "MIT",
      "peerDependencies": {
        "@deepseek-ai/cordis": "^4.0.2"
      }
    },
    "node_modules/@deepseek-ai/dsh-client-locale": {
      "version": "0.1.2-rc.1",
      "resolved": "https://registry.npmmirror.com/@deepseek-ai/dsh-client-locale/-/dsh-client-locale-0.1.2-rc.1.tgz",
      "integrity": "sha512-p34i5WcZ0+b77RKEatGLc6Rh4OgJJmc15kWbBqtCtSI1BxpwZxjDzoNIMTTS3jDGUQqfEd9X7Js9D4uNJDUewg==",
      "dev": true,
      "license": "MIT",
      "dependencies": {
        "@deepseek-ai/schemastery": "^3.18.2"
      },
      "peerDependencies": {
        "@deepseek-ai/cordis": "^4.0.2"
      }
    },
    "node_modules/@deepseek-ai/dsh-client-store": {
      "version": "0.1.2-rc.1",
      "resolved": "https://registry.npmmirror.com/@deepseek-ai/dsh-client-store/-/dsh-client-store-0.1.2-rc.1.tgz",
      "integrity": "sha512-tDtAkfYb3URpASDP2fJFOZhGINtVVoUlQQqTSHtTF2L9N+7Tqij/PrSPXawBijBCkVdwaYsXdbzfLLjsh2SBqQ==",
      "dev": true,
      "license": "MIT",
      "dependencies": {
        "immer": "^10.1.1",
        "zustand": "~4.4.7"
      },
      "peerDependencies": {
        "@deepseek-ai/cordis": "^4.0.2"
      }
    },
    "node_modules/@deepseek-ai/dsh-client-ui-conversation": {
      "version": "0.1.2-rc.1",
      "resolved": "https://registry.npmmirror.com/@deepseek-ai/dsh-client-ui-conversation/-/dsh-client-ui-conversation-0.1.2-rc.1.tgz",
      "integrity": "sha512-PDrV7twPfmZE5TjdvdVVZMHOla36wCojRC8GJBUp1cdXsWUP+Omk10gxYbH1g5TQPdAWgSL+GktdjondSXMSNQ==",
      "dev": true,
      "license": "MIT",
      "dependencies": {
        "@deepseek-ai/schemastery": "^3.18.2",
        "@lexical/history": "^0.49.0",
        "@lexical/plain-text": "^0.49.0",
        "@lexical/text": "^0.49.0",
        "@lexical/utils": "^0.49.0",
        "clsx": "^2.0.0",
        "lexical": "^0.49.0"
      },
      "peerDependencies": {
        "@deepseek-ai/cordis": "^4.0.2"
      }
    },
    "node_modules/@deepseek-ai/dsh-client-ui-layout": {
      "version": "0.1.2-rc.1",
      "resolved": "https://registry.npmmirror.com/@deepseek-ai/dsh-client-ui-layout/-/dsh-client-ui-layout-0.1.2-rc.1.tgz",
      "integrity": "sha512-hV/FMsJ/JjaCDxfaRH4+V2t7RauiQqo0vr5Ql0wi32dC4EYT/thhslu9TNCaHpm92SkOkgGFrlwmjYB+slq3FA==",
      "dev": true,
      "license": "MIT",
      "peerDependencies": {
        "@deepseek-ai/cordis": "^4.0.2"
      }
    },
    "node_modules/@deepseek-ai/dsh-client-ui-primitives": {
      "version": "0.2.0-rc.2",
      "resolved": "https://registry.npmmirror.com/@deepseek-ai/dsh-client-ui-primitives/-/dsh-client-ui-primitives-0.2.0-rc.2.tgz",
      "integrity": "sha512-Zx/MRT8NH6rYEvPnk4FQaHrADM6Dh1PQCprieqdvKj6yFhD/CJUVjSN08suGF6FPQekfVTJtS0WxY1XbQ5Ed9Q==",
      "dev": true,
      "license": "MIT",
      "peerDependencies": {
        "@deepseek-ai/cordis": "~4.0.4"
      }
    },
    "node_modules/@deepseek-ai/dsh-client-ui-renderer": {
      "version": "0.1.2-rc.1",
      "resolved": "https://registry.npmmirror.com/@deepseek-ai/dsh-client-ui-renderer/-/dsh-client-ui-renderer-0.1.2-rc.1.tgz",
      "integrity": "sha512-mG4aNL7dL57i6I6FLol3AWWp3g2C+EV3jYt2MZHzbfMcS0gQnEd/BSGH3T5DfNCQcOEIGqu0TQ0B3bxnJatmTA==",
      "dev": true,
      "license": "MIT",
      "dependencies": {
        "use-sync-external-store": "1.2.0"
      },
      "peerDependencies": {
        "@deepseek-ai/cordis": "^4.0.2"
      }
    },
    "node_modules/@deepseek-ai/dsh-client-ui-settings": {
      "version": "0.1.2-rc.1",
      "resolved": "https://registry.npmmirror.com/@deepseek-ai/dsh-client-ui-settings/-/dsh-client-ui-settings-0.1.2-rc.1.tgz",
      "integrity": "sha512-/S16tlS84fggURMqO94HjYbE0xIH82aRJ2E4UupgM9acD3yJ6SCVam17tMcWKnqA6UWJK9llEHhl+KN9JyI/0Q==",
      "dev": true,
      "license": "MIT",
      "peerDependencies": {
        "@deepseek-ai/cordis": "^4.0.2"
      }
    },
    "node_modules/@deepseek-ai/dsh-client-ui-sidebar": {
      "version": "0.1.2-rc.1",
      "resolved": "https://registry.npmmirror.com/@deepseek-ai/dsh-client-ui-sidebar/-/dsh-client-ui-sidebar-0.1.2-rc.1.tgz",
      "integrity": "sha512-+KSFQIsoRK/L2vgExSWQqApeDcE3gJB0l8F+f2wa3t1j4yU1i8GhoIrtjDj+tC7rNVX3oWDOpGE5Hui/GubU/Q==",
      "dev": true,
      "license": "MIT",
      "dependencies": {
        "clsx": "^2.0.0"
      },
      "peerDependencies": {
        "@deepseek-ai/cordis": "^4.0.2"
      }
    },
    "node_modules/@deepseek-ai/dsh-client-ui-slots": {
      "version": "0.1.2-rc.1",
      "resolved": "https://registry.npmmirror.com/@deepseek-ai/dsh-client-ui-slots/-/dsh-client-ui-slots-0.1.2-rc.1.tgz",
      "integrity": "sha512-wcqn8xwb87RjurSQ0zPoI4K9eYhDyoBjQqg4bByDq8CNynvayHoBPnNWfiAQ8ngyOPE20teL3DMS0gbcfCTqbA==",
      "dev": true,
      "license": "MIT",
      "peerDependencies": {
        "@deepseek-ai/cordis": "^4.0.2"
      }
    },
    "node_modules/@deepseek-ai/dsh-invariants": {
      "version": "0.1.2-rc.1",
      "resolved": "https://registry.npmmirror.com/@deepseek-ai/dsh-invariants/-/dsh-invariants-0.1.2-rc.1.tgz",
      "integrity": "sha512-zSjuFJYcEB94kPwn7SicqAV1dfVWZkjt1I8luDboxtjfp5CN6ziwJhLv3KaB+Dh9tgkyGY4mvo886W/HhE9L9g==",
      "dev": true,
      "license": "MIT",
      "dependencies": {
        "@deepseek-ai/schemastery": "^3.18.2"
      },
      "peerDependencies": {
        "@deepseek-ai/cordis": "^4.0.2"
      }
    },
    "node_modules/@deepseek-ai/dsh-llm": {
      "version": "0.1.2-rc.1",
      "resolved": "https://registry.npmmirror.com/@deepseek-ai/dsh-llm/-/dsh-llm-0.1.2-rc.1.tgz",
      "integrity": "sha512-7VYsha5AXsVLnsAwYJffWXz9bwUbElw8i5N8tlTSdai9Bupk3sMbsotzPf8ZbsuGAxQYErahMwQwgGEu4qZO6g==",
      "dev": true,
      "license": "MIT",
      "dependencies": {
        "@deepseek-ai/dsh-brand": "^0.1.2-rc.1",
        "@deepseek-ai/dsh-timeout": "^0.1.2-rc.1",
        "@deepseek-ai/dsh-typert-protocol": "^0.1.2-rc.1",
        "@deepseek-ai/dsh-util-crypto": "^0.1.2-rc.1",
        "@deepseek-ai/dsh-util-values": "^0.1.2-rc.1",
        "@deepseek-ai/schemastery": "^3.18.2",
        "zod": "^4.4.3"
      },
      "peerDependencies": {
        "@deepseek-ai/cordis": "^4.0.2"
      }
    },
    "node_modules/@deepseek-ai/dsh-native-command": {
      "version": "0.1.2-rc.1",
      "resolved": "https://registry.npmmirror.com/@deepseek-ai/dsh-native-command/-/dsh-native-command-0.1.2-rc.1.tgz",
      "integrity": "sha512-dBVql+9hXcdnWcfwBiFAfzz9CmAnx6iWYsBFQNdPgVu9m7VcOyiIT8ZQ47BVm7GHmpDXmqiI7pL1iwnI56hrzg==",
      "dev": true,
      "license": "MIT",
      "peerDependencies": {
        "@deepseek-ai/cordis": "^4.0.2"
      }
    },
    "node_modules/@deepseek-ai/dsh-scope": {
      "version": "0.1.2-rc.1",
      "resolved": "https://registry.npmmirror.com/@deepseek-ai/dsh-scope/-/dsh-scope-0.1.2-rc.1.tgz",
      "integrity": "sha512-GHwbzWrGbmE0ZGzAZsXBudpyCM9ENCpXxlKODIaPFbIWhRePh6nH2jW47TAOqCIsPPedWC2p3w8Tx5WAa3I/2A==",
      "dev": true,
      "license": "MIT",
      "peer": true,
      "peerDependencies": {
        "@deepseek-ai/cordis": "^4.0.2",
        "@deepseek-ai/dsh-invariants": "^0.1.2-rc.1"
      }
    },
    "node_modules/@deepseek-ai/dsh-session": {
      "version": "0.1.2-rc.1",
      "resolved": "https://registry.npmmirror.com/@deepseek-ai/dsh-session/-/dsh-session-0.1.2-rc.1.tgz",
      "integrity": "sha512-jRGNPTbQcvIx1F2MVmmkoiHLgpC3Btqo1wkl/3JDLlOWRVWKOuaC+5fQiMrFPOYfno6YiX/c2UvmA0td8qB92w==",
      "dev": true,
      "license": "MIT",
      "dependencies": {
        "@deepseek-ai/dsh-brand": "^0.1.2-rc.1",
        "@deepseek-ai/dsh-llm": "^0.1.2-rc.1",
        "@deepseek-ai/dsh-util-values": "^0.1.2-rc.1"
      },
      "peerDependencies": {
        "@deepseek-ai/cordis": "^4.0.2",
        "@deepseek-ai/dsh-scope": "^0.1.2-rc.1"
      }
    },
    "node_modules/@deepseek-ai/dsh-settings": {
      "version": "0.1.2-rc.1",
      "resolved": "https://registry.npmmirror.com/@deepseek-ai/dsh-settings/-/dsh-settings-0.1.2-rc.1.tgz",
      "integrity": "sha512-wMmJ2w5S6I7hgmgPppuAVemltEcTmAa8gvii7fk4T2KGVCuBYgig8xPwQ8Lp2ukLZSzzE6ZVCQxhdYZyJX/USA==",
      "dev": true,
      "license": "MIT",
      "dependencies": {
        "@deepseek-ai/dsh-util-values": "^0.1.2-rc.1"
      },
      "peerDependencies": {
        "@deepseek-ai/cordis": "^4.0.2",
        "@deepseek-ai/dsh-brand": "^0.1.2-rc.1",
        "@deepseek-ai/dsh-invariants": "^0.1.2-rc.1",
        "@deepseek-ai/dsh-session": "^0.1.2-rc.1",
        "@deepseek-ai/schemastery": "^3.18.2"
      }
    },
    "node_modules/@deepseek-ai/dsh-timeout": {
      "version": "0.1.2-rc.1",
      "resolved": "https://registry.npmmirror.com/@deepseek-ai/dsh-timeout/-/dsh-timeout-0.1.2-rc.1.tgz",
      "integrity": "sha512-llz11yxWeJB8suKCa6hRLjNBWVaPn3Fbd0XoBS0bkZLhPFzO1mDorx/XMca2GhI7XF9A86CURQcDt+aGjjvqJA==",
      "dev": true,
      "license": "MIT",
      "peerDependencies": {
        "@deepseek-ai/cordis": "^4.0.2"
      }
    },
    "node_modules/@deepseek-ai/dsh-typert-protocol": {
      "version": "0.1.2-rc.1",
      "resolved": "https://registry.npmmirror.com/@deepseek-ai/dsh-typert-protocol/-/dsh-typert-protocol-0.1.2-rc.1.tgz",
      "integrity": "sha512-vBWD0NpriPd96ltbWaAw+iKeWFIEjiAcCWYtmqEcV1Ms+FaV02usjjm7LCmhSQhMZpBSBc7EZUX0spGlpjI1bA==",
      "dev": true,
      "license": "MIT",
      "peerDependencies": {
        "@deepseek-ai/cordis": "^4.0.2"
      }
    },
    "node_modules/@deepseek-ai/dsh-util-crypto": {
      "version": "0.1.2-rc.1",
      "resolved": "https://registry.npmmirror.com/@deepseek-ai/dsh-util-crypto/-/dsh-util-crypto-0.1.2-rc.1.tgz",
      "integrity": "sha512-gE8FznQ1hkknw9QMrHNSlm3UEyRYuj3MLVvlJ6NyH1kmOsdjnbrVbSs+Pn72k2oIV4Fiyu3Umg0sLznUEcsiXw==",
      "dev": true,
      "license": "MIT",
      "peerDependencies": {
        "@deepseek-ai/cordis": "^4.0.2"
      }
    },
    "node_modules/@deepseek-ai/dsh-util-values": {
      "version": "0.1.2-rc.1",
      "resolved": "https://registry.npmmirror.com/@deepseek-ai/dsh-util-values/-/dsh-util-values-0.1.2-rc.1.tgz",
      "integrity": "sha512-FQdgoK+KYVR0pBQb9fTsajvGb3gzUxEzJQEYnFOt+Qdwc4nkxJOPwJJdIvXuqvZaQ33DaOoqpnpcr2p5HpLu4g==",
      "dev": true,
      "license": "MIT",
      "peerDependencies": {
        "@deepseek-ai/cordis": "^4.0.2"
      }
    },
    "node_modules/@deepseek-ai/schemastery": {
      "version": "3.18.4",
      "resolved": "https://registry.npmmirror.com/@deepseek-ai/schemastery/-/schemastery-3.18.4.tgz",
      "integrity": "sha512-SSXO6tYuyrIqKVbmOnIq0s+riUywYzouFMcnBluHF9n4KMo2G8HvEzhCYj6pj2617/glOjbJuVInJ9hfONsjkg==",
      "dev": true,
      "license": "MIT",
      "dependencies": {
        "@deepseek-ai/cosmokit": "~1.8.5",
        "@standard-schema/spec": "^1.1.0"
      }
    },
    "node_modules/@lexical/clipboard": {
      "version": "0.49.0",
      "resolved": "https://registry.npmmirror.com/@lexical/clipboard/-/clipboard-0.49.0.tgz",
      "integrity": "sha512-AVKj21xH1qU7JAFA/v0hCoafa+Yti1I7cHG+JQIgc/EqCtP8ePeJyIfTPNN/tXskoCdq++HewQoiSXRwwlocVg==",
      "dev": true,
      "license": "MIT",
      "dependencies": {
        "@lexical/extension": "0.49.0",
        "@lexical/html": "0.49.0",
        "@lexical/internal": "0.49.0",
        "@lexical/list": "0.49.0",
        "@lexical/selection": "0.49.0",
        "@lexical/utils": "0.49.0",
        "@types/trusted-types": "^2.0.7",
        "lexical": "0.49.0"
      },
      "peerDependencies": {
        "typescript": ">=5.2"
      },
      "peerDependenciesMeta": {
        "typescript": {
          "optional": true
        }
      }
    },
    "node_modules/@lexical/dragon": {
      "version": "0.49.0",
      "resolved": "https://registry.npmmirror.com/@lexical/dragon/-/dragon-0.49.0.tgz",
      "integrity": "sha512-62/4DP5qyX/l4Yf5qRyyQrs9BV725eRU3OmLUW6g7T5xrcHXxAo7tia/NvqjqvXdpvQzyHjWgsy7dMitGITUsw==",
      "dev": true,
      "license": "MIT",
      "dependencies": {
        "@lexical/extension": "0.49.0",
        "lexical": "0.49.0"
      },
      "peerDependencies": {
        "typescript": ">=5.2"
      },
      "peerDependenciesMeta": {
        "typescript": {
          "optional": true
        }
      }
    },
    "node_modules/@lexical/extension": {
      "version": "0.49.0",
      "resolved": "https://registry.npmmirror.com/@lexical/extension/-/extension-0.49.0.tgz",
      "integrity": "sha512-Wv0VsuqxorbxHCK4ms1PwAu6cXIGNLtflq66auF+zwxOtBprkSFV8VzzzdKLOYD2admP0VK6EqVCeGXFK1GggA==",
      "dev": true,
      "license": "MIT",
      "dependencies": {
        "@lexical/internal": "0.49.0",
        "@lexical/utils": "0.49.0",
        "@preact/signals-core": "^1.14.1",
        "lexical": "0.49.0"
      },
      "peerDependencies": {
        "typescript": ">=5.2"
      },
      "peerDependenciesMeta": {
        "typescript": {
          "optional": true
        }
      }
    },
    "node_modules/@lexical/history": {
      "version": "0.49.0",
      "resolved": "https://registry.npmmirror.com/@lexical/history/-/history-0.49.0.tgz",
      "integrity": "sha512-uQdtEd34gIJklXNSdHS2Wko1zxx1xUMVXbiodcLO6a3GeFTE5bKnx6af1zGX78KpYhUQYnHWorKuUvtdZlJPaA==",
      "dev": true,
      "license": "MIT",
      "dependencies": {
        "@lexical/extension": "0.49.0",
        "@lexical/utils": "0.49.0",
        "lexical": "0.49.0"
      },
      "peerDependencies": {
        "typescript": ">=5.2"
      },
      "peerDependenciesMeta": {
        "typescript": {
          "optional": true
        }
      }
    },
    "node_modules/@lexical/html": {
      "version": "0.49.0",
      "resolved": "https://registry.npmmirror.com/@lexical/html/-/html-0.49.0.tgz",
      "integrity": "sha512-NQqAydKzRjQl7Jx+bTTyC2iuz5uhuDaQX0SSPrdfgaFDCPjqQEejcBkCt1QXnu1CkbVHutZKVGVzljx40Y6y+Q==",
      "dev": true,
      "license": "MIT",
      "dependencies": {
        "@lexical/extension": "0.49.0",
        "@lexical/internal": "0.49.0",
        "@lexical/selection": "0.49.0",
        "@lexical/utils": "0.49.0",
        "lexical": "0.49.0"
      },
      "peerDependencies": {
        "typescript": ">=5.2"
      },
      "peerDependenciesMeta": {
        "typescript": {
          "optional": true
        }
      }
    },
    "node_modules/@lexical/internal": {
      "version": "0.49.0",
      "resolved": "https://registry.npmmirror.com/@lexical/internal/-/internal-0.49.0.tgz",
      "integrity": "sha512-s+XjPC7Qb39A/Xx9ahcz1s69CPix4ultaqyW+MDG0AXYW2quDr7m0USqReKIAiuoLIWtGN5HW8BwV2Y6t4qr6Q==",
      "dev": true,
      "license": "MIT",
      "peerDependencies": {
        "typescript": ">=5.2"
      },
      "peerDependenciesMeta": {
        "typescript": {
          "optional": true
        }
      }
    },
    "node_modules/@lexical/list": {
      "version": "0.49.0",
      "resolved": "https://registry.npmmirror.com/@lexical/list/-/list-0.49.0.tgz",
      "integrity": "sha512-zs6wYkxakDRcJO0KmwrPPHgeLLIxzjD+P2CRu+scJCHRuA5e2iSw2iFjH5n/LlWBrlnPMSjeQse4QqsRy9nnqA==",
      "dev": true,
      "license": "MIT",
      "dependencies": {
        "@lexical/extension": "0.49.0",
        "@lexical/html": "0.49.0",
        "@lexical/internal": "0.49.0",
        "@lexical/utils": "0.49.0",
        "lexical": "0.49.0"
      },
      "peerDependencies": {
        "typescript": ">=5.2"
      },
      "peerDependenciesMeta": {
        "typescript": {
          "optional": true
        }
      }
    },
    "node_modules/@lexical/plain-text": {
      "version": "0.49.0",
      "resolved": "https://registry.npmmirror.com/@lexical/plain-text/-/plain-text-0.49.0.tgz",
      "integrity": "sha512-l7IuUj9n9CtFfz4Fz6zU6mmO+VkcnvyyebABx+lHevvTa7B6YI5PPVgABFfzdyPanyW/FGs7qpKBf59inAqbkg==",
      "dev": true,
      "license": "MIT",
      "dependencies": {
        "@lexical/clipboard": "0.49.0",
        "@lexical/dragon": "0.49.0",
        "@lexical/extension": "0.49.0",
        "@lexical/selection": "0.49.0",
        "@lexical/utils": "0.49.0",
        "lexical": "0.49.0"
      },
      "peerDependencies": {
        "typescript": ">=5.2"
      },
      "peerDependenciesMeta": {
        "typescript": {
          "optional": true
        }
      }
    },
    "node_modules/@lexical/selection": {
      "version": "0.49.0",
      "resolved": "https://registry.npmmirror.com/@lexical/selection/-/selection-0.49.0.tgz",
      "integrity": "sha512-08Vd1+VoC6YnztWOFWVsqF/Hxw5EP8qeL1c7t3+rVCV8revLzXxdQw+vbPX3tgM4fmjOBDUXk6Ws1+rTtsqjcQ==",
      "dev": true,
      "license": "MIT",
      "dependencies": {
        "@lexical/internal": "0.49.0",
        "lexical": "0.49.0"
      },
      "peerDependencies": {
        "typescript": ">=5.2"
      },
      "peerDependenciesMeta": {
        "typescript": {
          "optional": true
        }
      }
    },
    "node_modules/@lexical/text": {
      "version": "0.49.0",
      "resolved": "https://registry.npmmirror.com/@lexical/text/-/text-0.49.0.tgz",
      "integrity": "sha512-mowedvbvx0HDaW+ymVdYmWVhueqgauhhqIWaCtbJj33tPk8pOu1BB0pZuJQbOB+1bDnFiZhkJV8W/CvR2M9lEA==",
      "dev": true,
      "license": "MIT",
      "dependencies": {
        "@lexical/internal": "0.49.0",
        "lexical": "0.49.0"
      },
      "peerDependencies": {
        "typescript": ">=5.2"
      },
      "peerDependenciesMeta": {
        "typescript": {
          "optional": true
        }
      }
    },
    "node_modules/@lexical/utils": {
      "version": "0.49.0",
      "resolved": "https://registry.npmmirror.com/@lexical/utils/-/utils-0.49.0.tgz",
      "integrity": "sha512-Jaa6DERBqxiFOFa49VPRV1WOb7mzRbMZ5U+v+RFagjzTmBhfxDmEkbQQ9nYTU3n3DPfdT8Hkyffextmw04etXg==",
      "dev": true,
      "license": "MIT",
      "dependencies": {
        "@lexical/internal": "0.49.0",
        "@lexical/selection": "0.49.0",
        "lexical": "0.49.0"
      },
      "peerDependencies": {
        "typescript": ">=5.2"
      },
      "peerDependenciesMeta": {
        "typescript": {
          "optional": true
        }
      }
    },
    "node_modules/@preact/signals-core": {
      "version": "1.14.4",
      "resolved": "https://registry.npmmirror.com/@preact/signals-core/-/signals-core-1.14.4.tgz",
      "integrity": "sha512-HNB6HYeYKhQbJ1aKl+YRjrS4+QWHLKX6qKoUsfS/m0vqzsVaEBiZiaKbG/e+NKk2ch5ALQr/ihWaMHxiCuuWHA==",
      "dev": true,
      "license": "MIT",
      "funding": {
        "type": "opencollective",
        "url": "https://opencollective.com/preact"
      }
    },
    "node_modules/@standard-schema/spec": {
      "version": "1.1.0",
      "resolved": "https://registry.npmmirror.com/@standard-schema/spec/-/spec-1.1.0.tgz",
      "integrity": "sha512-l2aFy5jALhniG5HgqrD6jXLi/rUWrKvqN/qJx6yoJsgKhblVd+iqqU4RCXavm/jPityDo5TCvKMnpjKnOriy0w==",
      "dev": true,
      "license": "MIT"
    },
    "node_modules/@testing-library/dom": {
      "version": "10.4.2",
      "resolved": "https://registry.npmmirror.com/@testing-library/dom/-/dom-10.4.2.tgz",
      "integrity": "sha512-yzr2S9HyAIdhz2/6qHgbs665Q7PKVcDF05vsOlHPxG1mo36gKVesdYVeDLnXgfjJ03CrKRk08knc6+E/9m8v2Q==",
      "dev": true,
      "license": "MIT",
      "peer": true,
      "dependencies": {
        "@babel/code-frame": "^7.10.4",
        "@babel/runtime": "^7.12.5",
        "@types/aria-query": "^5.0.1",
        "aria-query": "5.3.0",
        "dom-accessibility-api": "^0.5.9",
        "lz-string": "^1.5.0",
        "picocolors": "1.1.1",
        "pretty-format": "^27.0.2"
      },
      "engines": {
        "node": ">=18"
      }
    },
    "node_modules/@testing-library/react": {
      "version": "16.3.2",
      "resolved": "https://registry.npmmirror.com/@testing-library/react/-/react-16.3.2.tgz",
      "integrity": "sha512-XU5/SytQM+ykqMnAnvB2umaJNIOsLF3PVv//1Ew4CTcpz0/BRyy/af40qqrt7SjKpDdT1saBMc42CUok5gaw+g==",
      "dev": true,
      "license": "MIT",
      "dependencies": {
        "@babel/runtime": "^7.12.5"
      },
      "engines": {
        "node": ">=18"
      },
      "peerDependencies": {
        "@testing-library/dom": "^10.0.0",
        "@types/react": "^18.0.0 || ^19.0.0",
        "@types/react-dom": "^18.0.0 || ^19.0.0",
        "react": "^18.0.0 || ^19.0.0",
        "react-dom": "^18.0.0 || ^19.0.0"
      },
      "peerDependenciesMeta": {
        "@types/react": {
          "optional": true
        },
        "@types/react-dom": {
          "optional": true
        }
      }
    },
    "node_modules/@types/aria-query": {
      "version": "5.0.4",
      "resolved": "https://registry.npmmirror.com/@types/aria-query/-/aria-query-5.0.4.tgz",
      "integrity": "sha512-rfT93uj5s0PRL7EzccGMs3brplhcrghnDoV26NqKhCAS1hVo+WdNsPvE/yb6ilfr5hi2MEk6d5EWJTKdxg8jVw==",
      "dev": true,
      "license": "MIT",
      "peer": true
    },
    "node_modules/@types/prop-types": {
      "version": "15.7.15",
      "resolved": "https://registry.npmmirror.com/@types/prop-types/-/prop-types-15.7.15.tgz",
      "integrity": "sha512-F6bEyamV9jKGAFBEmlQnesRPGOQqS2+Uwi0Em15xenOxHaf2hv6L8YCVn3rPdPJOiJfPiCnLIRyvwVaqMY3MIw==",
      "dev": true,
      "license": "MIT"
    },
    "node_modules/@types/react": {
      "version": "18.3.31",
      "resolved": "https://registry.npmmirror.com/@types/react/-/react-18.3.31.tgz",
      "integrity": "sha512-vfEqpXTvwT91yhmwdfouStN2hSKwTvyRs8qpLfADyrq/kxDw0hZM7Wk9Ug1FELj8hIby+S/+kQCSRFF32nv2Qw==",
      "dev": true,
      "license": "MIT",
      "dependencies": {
        "@types/prop-types": "*",
        "csstype": "^3.2.2"
      }
    },
    "node_modules/@types/react-dom": {
      "version": "18.3.7",
      "resolved": "https://registry.npmmirror.com/@types/react-dom/-/react-dom-18.3.7.tgz",
      "integrity": "sha512-MEe3UeoENYVFXzoXEWsvcpg6ZvlrFNlOQ7EOsvhI3CfAXwzPfO8Qwuxd40nepsYKqyyVQnTdEfv68q91yLcKrQ==",
      "dev": true,
      "license": "MIT",
      "peerDependencies": {
        "@types/react": "^18.0.0"
      }
    },
    "node_modules/@types/trusted-types": {
      "version": "2.0.7",
      "resolved": "https://registry.npmmirror.com/@types/trusted-types/-/trusted-types-2.0.7.tgz",
      "integrity": "sha512-ScaPdn1dQczgbl0QFTeTOmVHFULt394XJgOQNoyVhZ6r2vLnMLJfBPd53SB52T/3G36VI1/g2MZaX0cwDuXsfw==",
      "dev": true,
      "license": "MIT"
    },
    "node_modules/ansi-regex": {
      "version": "5.0.1",
      "resolved": "https://registry.npmmirror.com/ansi-regex/-/ansi-regex-5.0.1.tgz",
      "integrity": "sha512-quJQXlTSUGL2LH9SUXo8VwsY4soanhgo6LNSm84E1LBcE8s3O0wpdiRzyR9z/ZZJMlMWv37qOOb9pdJlMUEKFQ==",
      "dev": true,
      "license": "MIT",
      "peer": true,
      "engines": {
        "node": ">=8"
      }
    },
    "node_modules/ansi-styles": {
      "version": "5.2.0",
      "resolved": "https://registry.npmmirror.com/ansi-styles/-/ansi-styles-5.2.0.tgz",
      "integrity": "sha512-Cxwpt2SfTzTtXcfOlzGEee8O+c+MmUgGrNiBcXnuWxuFJHe6a5Hz7qwhwe5OgaSYI0IJvkLqWX1ASG+cJOkEiA==",
      "dev": true,
      "license": "MIT",
      "peer": true,
      "engines": {
        "node": ">=10"
      },
      "funding": {
        "url": "https://github.com/chalk/ansi-styles?sponsor=1"
      }
    },
    "node_modules/aria-query": {
      "version": "5.3.0",
      "resolved": "https://registry.npmmirror.com/aria-query/-/aria-query-5.3.0.tgz",
      "integrity": "sha512-b0P0sZPKtyu8HkeRAfCq0IfURZK+SuwMjY1UXGBU27wpAiTwQAIlq56IbIO+ytk/JjS1fMR14ee5WBBfKi5J6A==",
      "dev": true,
      "license": "Apache-2.0",
      "peer": true,
      "dependencies": {
        "dequal": "^2.0.3"
      }
    },
    "node_modules/clsx": {
      "version": "2.1.1",
      "resolved": "https://registry.npmmirror.com/clsx/-/clsx-2.1.1.tgz",
      "integrity": "sha512-eYm0QWBtUrBWZWG0d386OGAw16Z995PiOVo2B7bjWSbHedGl5e0ZWaq65kOGgUSNesEIDkB9ISbTg/JK9dhCZA==",
      "license": "MIT",
      "engines": {
        "node": ">=6"
      }
    },
    "node_modules/csstype": {
      "version": "3.2.3",
      "resolved": "https://registry.npmmirror.com/csstype/-/csstype-3.2.3.tgz",
      "integrity": "sha512-z1HGKcYy2xA8AGQfwrn0PAy+PB7X/GSj3UVJW9qKyn43xWa+gl5nXmU4qqLMRzWVLFC8KusUX8T/0kCiOYpAIQ==",
      "dev": true,
      "license": "MIT"
    },
    "node_modules/dequal": {
      "version": "2.0.3",
      "resolved": "https://registry.npmmirror.com/dequal/-/dequal-2.0.3.tgz",
      "integrity": "sha512-0je+qPKHEMohvfRTCEo3CrPG6cAzAYgmzKyxRiYSSDkS6eGJdyVJm7WaYA5ECaAD9wLB2T4EEeymA5aFVcYXCA==",
      "dev": true,
      "license": "MIT",
      "peer": true,
      "engines": {
        "node": ">=6"
      }
    },
    "node_modules/dom-accessibility-api": {
      "version": "0.5.16",
      "resolved": "https://registry.npmmirror.com/dom-accessibility-api/-/dom-accessibility-api-0.5.16.tgz",
      "integrity": "sha512-X7BJ2yElsnOJ30pZF4uIIDfBEVgF4XEBxL9Bxhy6dnrm5hkzqmsWHGTiHqRiITNhMyFLyAiWndIJP7Z1NTteDg==",
      "dev": true,
      "license": "MIT",
      "peer": true
    },
    "node_modules/immer": {
      "version": "10.2.0",
      "resolved": "https://registry.npmmirror.com/immer/-/immer-10.2.0.tgz",
      "integrity": "sha512-d/+XTN3zfODyjr89gM3mPq1WNX2B8pYsu7eORitdwyA2sBubnTl3laYlBk4sXY5FUa5qTZGBDPJICVbvqzjlbw==",
      "dev": true,
      "license": "MIT",
      "funding": {
        "type": "opencollective",
        "url": "https://opencollective.com/immer"
      }
    },
    "node_modules/js-tokens": {
      "version": "4.0.0",
      "resolved": "https://registry.npmmirror.com/js-tokens/-/js-tokens-4.0.0.tgz",
      "integrity": "sha512-RdJUflcE3cUzKiMqQgsCu06FPu9UdIJO0beYbPhHN4k6apgJtifcoCtT9bcxOpYBtpD2kCM6Sbzg4CausW/PKQ==",
      "dev": true,
      "license": "MIT"
    },
    "node_modules/lexical": {
      "version": "0.49.0",
      "resolved": "https://registry.npmmirror.com/lexical/-/lexical-0.49.0.tgz",
      "integrity": "sha512-9V1ZIzGpJEd8rIN+nN7veL4fW4fFWbS66Un4JNqSZB4D5t9euzN9+3+jEXy83FjNjNy0MiiUI3+DQaGCLYko0w==",
      "dev": true,
      "license": "MIT",
      "dependencies": {
        "@lexical/internal": "0.49.0"
      },
      "peerDependencies": {
        "typescript": ">=5.2"
      },
      "peerDependenciesMeta": {
        "typescript": {
          "optional": true
        }
      }
    },
    "node_modules/loose-envify": {
      "version": "1.4.0",
      "resolved": "https://registry.npmmirror.com/loose-envify/-/loose-envify-1.4.0.tgz",
      "integrity": "sha512-lyuxPGr/Wfhrlem2CL/UcnUc1zcqKAImBDzukY7Y5F/yQiNdko6+fRLevlw1HgMySw7f611UIY408EtxRSoK3Q==",
      "dev": true,
      "license": "MIT",
      "dependencies": {
        "js-tokens": "^3.0.0 || ^4.0.0"
      },
      "bin": {
        "loose-envify": "cli.js"
      }
    },
    "node_modules/lz-string": {
      "version": "1.5.0",
      "resolved": "https://registry.npmmirror.com/lz-string/-/lz-string-1.5.0.tgz",
      "integrity": "sha512-h5bgJWpxJNswbU7qCrV0tIKQCaS3blPDrqKWx+QxzuzL1zGUzij9XCWLrSLsJPu5t+eWA/ycetzYAO5IOMcWAQ==",
      "dev": true,
      "license": "MIT",
      "peer": true,
      "bin": {
        "lz-string": "bin/bin.js"
      }
    },
    "node_modules/picocolors": {
      "version": "1.1.1",
      "resolved": "https://registry.npmmirror.com/picocolors/-/picocolors-1.1.1.tgz",
      "integrity": "sha512-xceH2snhtb5M9liqDsmEw56le376mTZkEX/jEb/RxNFyegNul7eNslCXP9FDj/Lcu0X8KEyMceP2ntpaHrDEVA==",
      "dev": true,
      "license": "ISC",
      "peer": true
    },
    "node_modules/pretty-format": {
      "version": "27.5.1",
      "resolved": "https://registry.npmmirror.com/pretty-format/-/pretty-format-27.5.1.tgz",
      "integrity": "sha512-Qb1gy5OrP5+zDf2Bvnzdl3jsTf1qXVMazbvCoKhtKqVs4/YK4ozX4gKQJJVyNe+cajNPn0KoC0MC3FUmaHWEmQ==",
      "dev": true,
      "license": "MIT",
      "peer": true,
      "dependencies": {
        "ansi-regex": "^5.0.1",
        "ansi-styles": "^5.0.0",
        "react-is": "^17.0.1"
      },
      "engines": {
        "node": "^10.13.0 || ^12.13.0 || ^14.15.0 || >=15.0.0"
      }
    },
    "node_modules/react": {
      "version": "18.3.1",
      "resolved": "https://registry.npmmirror.com/react/-/react-18.3.1.tgz",
      "integrity": "sha512-wS+hAgJShR0KhEvPJArfuPVN1+Hz1t0Y6n5jLrGQbkb4urgPE/0Rve+1kMB1v/oWgHgm4WIcV+i7F2pTVj+2iQ==",
      "dev": true,
      "license": "MIT",
      "dependencies": {
        "loose-envify": "^1.1.0"
      },
      "engines": {
        "node": ">=0.10.0"
      }
    },
    "node_modules/react-dom": {
      "version": "18.3.1",
      "resolved": "https://registry.npmmirror.com/react-dom/-/react-dom-18.3.1.tgz",
      "integrity": "sha512-5m4nQKp+rZRb09LNH59GM4BxTh9251/ylbKIbpe7TpGxfJ+9kv6BLkLBXIjjspbgbnIBNqlI23tRnTWT0snUIw==",
      "dev": true,
      "license": "MIT",
      "dependencies": {
        "loose-envify": "^1.1.0",
        "scheduler": "^0.23.2"
      },
      "peerDependencies": {
        "react": "^18.3.1"
      }
    },
    "node_modules/react-is": {
      "version": "17.0.2",
      "resolved": "https://registry.npmmirror.com/react-is/-/react-is-17.0.2.tgz",
      "integrity": "sha512-w2GsyukL62IJnlaff/nRegPQR94C/XXamvMWmSHRJ4y7Ts/4ocGRmTHvOs8PSE6pB3dWOrD/nueuU5sduBsQ4w==",
      "dev": true,
      "license": "MIT",
      "peer": true
    },
    "node_modules/scheduler": {
      "version": "0.23.2",
      "resolved": "https://registry.npmmirror.com/scheduler/-/scheduler-0.23.2.tgz",
      "integrity": "sha512-UOShsPwz7NrMUqhR6t0hWjFduvOzbtv7toDH1/hIrfRNIDBnnBWd0CwJTGvTpngVlmwGCdP9/Zl/tVrDqcuYzQ==",
      "dev": true,
      "license": "MIT",
      "dependencies": {
        "loose-envify": "^1.1.0"
      }
    },
    "node_modules/use-sync-external-store": {
      "version": "1.2.0",
      "resolved": "https://registry.npmmirror.com/use-sync-external-store/-/use-sync-external-store-1.2.0.tgz",
      "integrity": "sha512-eEgnFxGQ1Ife9bzYs6VLi8/4X6CObHMw9Qr9tPY43iKwsPw8xE8+EFsf/2cFZ5S3esXgpWgtSCtLNS41F+sKPA==",
      "dev": true,
      "license": "MIT",
      "peerDependencies": {
        "react": "^16.8.0 || ^17.0.0 || ^18.0.0"
      }
    },
    "node_modules/zod": {
      "version": "4.6.5",
      "resolved": "https://registry.npmmirror.com/zod/-/zod-4.6.5.tgz",
      "integrity": "sha512-v5l/aFXZQeai4awLbOpSoHecE9UiMrnfx75tEXLjNonXVARxQ5mOeipTjROUchszUNCqnE+hqAMujRsRHsut2Q==",
      "dev": true,
      "license": "MIT",
      "funding": {
        "url": "https://github.com/sponsors/colinhacks"
      }
    },
    "node_modules/zustand": {
      "version": "4.4.7",
      "resolved": "https://registry.npmmirror.com/zustand/-/zustand-4.4.7.tgz",
      "integrity": "sha512-QFJWJMdlETcI69paJwhSMJz7PPWjVP8Sjhclxmxmxv/RYI7ZOvR5BHX+ktH0we9gTWQMxcne8q1OY8xxz604gw==",
      "dev": true,
      "license": "MIT",
      "dependencies": {
        "use-sync-external-store": "1.2.0"
      },
      "engines": {
        "node": ">=12.7.0"
      },
      "peerDependencies": {
        "@types/react": ">=16.8",
        "immer": ">=9.0",
        "react": ">=16.8"
      },
      "peerDependenciesMeta": {
        "@types/react": {
          "optional": true
        },
        "immer": {
          "optional": true
        },
        "react": {
          "optional": true
        }
      }
    }
  }
}
